PODS:
  - Alamofire (4.9.1)
  - AlamofireImage (3.6.0):
    - Alamofire (~> 4.9)
  - OAuthSwift (1.1.2)
  - OAuthSwiftAlamofire (0.2.0):
    - Alamofire
    - OAuthSwift

DEPENDENCIES:
  - Alamofire (~> 4.4)
  - AlamofireImage
  - OAuthSwift (~> 1.1.0)
  - OAuthSwiftAlamofire

SPEC REPOS:
  trunk:
    - Alamofire
    - AlamofireImage
    - OAuthSwift
    - OAuthSwiftAlamofire

SPEC CHECKSUMS:
  Alamofire: 85e8a02c69d6020a0d734f6054870d7ecb75cf18
  AlamofireImage: be9963c6582d68b39e89191f64c82a7d7bf40fdd
  OAuthSwift: 5aa5659984d3ca3206ba636a9e7a9c6626b2e8bd
  OAuthSwiftAlamofire: e51f11ff579dd4293bfe2a1a24c658caad4dac35

PODFILE CHECKSUM: cf3f929edf3000ac356e654dd6edb241eb4afb92

COCOAPODS: 1.8.4
